
Microsoft Visual Studio Solution File, Format Version 12.00
Project("{FAE04EC0-301F-11D3-BF4B-00C04F79EFBC}") = "Blink3.Bot", "Blink3.Bot\Blink3.Bot.csproj", "{949868F1-3B85-4A10-BF11-9E4EBAAAC725}"
EndProject
Project("{FAE04EC0-301F-11D3-BF4B-00C04F79EFBC}") = "Blink3.Core", "Blink3.Core\Blink3.Core.csproj", "{A377B2D4-5F96-4A5E-A8E6-8062415F9477}"
EndProject
Project("{FAE04EC0-301F-11D3-BF4B-00C04F79EFBC}") = "Blink3.DataAccess", "Blink3.DataAccess\Blink3.DataAccess.csproj", "{CA278D5B-D775-4142-91E5-7B017200063D}"
EndProject
Project("{FAE04EC0-301F-11D3-BF4B-00C04F79EFBC}") = "Blink3.API", "Blink3.API\Blink3.API.csproj", "{B72051D1-5839-4021-BCA6-29C33E44AD45}"
EndProject
Project("{FAE04EC0-301F-11D3-BF4B-00C04F79EFBC}") = "Blink3.Web", "Blink3.Web\Blink3.Web.csproj", "{712FC7ED-10A5-4EBD-9A48-E67CBB8E46B2}"
EndProject
Global
	GlobalSection(SolutionConfigurationPlatforms) = preSolution
		Debug|Any CPU = Debug|Any CPU
		Release|Any CPU = Release|Any CPU
	EndGlobalSection
	GlobalSection(ProjectConfigurationPlatforms) = postSolution
		{949868F1-3B85-4A10-BF11-9E4EBAAAC725}.Debug|Any CPU.ActiveCfg = Debug|Any CPU
		{949868F1-3B85-4A10-BF11-9E4EBAAAC725}.Debug|Any CPU.Build.0 = Debug|Any CPU
		{949868F1-3B85-4A10-BF11-9E4EBAAAC725}.Release|Any CPU.ActiveCfg = Release|Any CPU
		{949868F1-3B85-4A10-BF11-9E4EBAAAC725}.Release|Any CPU.Build.0 = Release|Any CPU
		{A377B2D4-5F96-4A5E-A8E6-8062415F9477}.Debug|Any CPU.ActiveCfg = Debug|Any CPU
		{A377B2D4-5F96-4A5E-A8E6-8062415F9477}.Debug|Any CPU.Build.0 = Debug|Any CPU
		{A377B2D4-5F96-4A5E-A8E6-8062415F9477}.Release|Any CPU.ActiveCfg = Release|Any CPU
		{A377B2D4-5F96-4A5E-A8E6-8062415F9477}.Release|Any CPU.Build.0 = Release|Any CPU
		{CA278D5B-D775-4142-91E5-7B017200063D}.Debug|Any CPU.ActiveCfg = Debug|Any CPU
		{CA278D5B-D775-4142-91E5-7B017200063D}.Debug|Any CPU.Build.0 = Debug|Any CPU
		{CA278D5B-D775-4142-91E5-7B017200063D}.Release|Any CPU.ActiveCfg = Release|Any CPU
		{CA278D5B-D775-4142-91E5-7B017200063D}.Release|Any CPU.Build.0 = Release|Any CPU
		{B72051D1-5839-4021-BCA6-29C33E44AD45}.Debug|Any CPU.ActiveCfg = Debug|Any CPU
		{B72051D1-5839-4021-BCA6-29C33E44AD45}.Debug|Any CPU.Build.0 = Debug|Any CPU
		{B72051D1-5839-4021-BCA6-29C33E44AD45}.Release|Any CPU.ActiveCfg = Release|Any CPU
		{B72051D1-5839-4021-BCA6-29C33E44AD45}.Release|Any CPU.Build.0 = Release|Any CPU
		{712FC7ED-10A5-4EBD-9A48-E67CBB8E46B2}.Debug|Any CPU.ActiveCfg = Debug|Any CPU
		{712FC7ED-10A5-4EBD-9A48-E67CBB8E46B2}.Debug|Any CPU.Build.0 = Debug|Any CPU
		{712FC7ED-10A5-4EBD-9A48-E67CBB8E46B2}.Release|Any CPU.ActiveCfg = Release|Any CPU
		{712FC7ED-10A5-4EBD-9A48-E67CBB8E46B2}.Release|Any CPU.Build.0 = Release|Any CPU
	EndGlobalSection
EndGlobal
